
Microsoft Visual Studio Solution File, Format Version 12.00
# Visual Studio Version 16
VisualStudioVersion = 16.0.30406.217
MinimumVisualStudioVersion = 10.0.40219.1
Project("{FAE04EC0-301F-11D3-BF4B-00C04F79EFBC}") = "MoveCleanEb", "MoveCleanEb\MoveCleanEb.csproj", "{6369CB4A-99B6-4724-AB38-12AD4B7DDFB9}"
EndProject
Global
	GlobalSection(SolutionConfigurationPlatforms) = preSolution
		Debug|Any CPU = Debug|Any CPU
		Release|Any CPU = Release|Any CPU
	EndGlobalSection
	GlobalSection(ProjectConfigurationPlatforms) = postSolution
		{6369CB4A-99B6-4724-AB38-12AD4B7DDFB9}.Debug|Any CPU.ActiveCfg = Debug|Any CPU
		{6369CB4A-99B6-4724-AB38-12AD4B7DDFB9}.Debug|Any CPU.Build.0 = Debug|Any CPU
		{6369CB4A-99B6-4724-AB38-12AD4B7DDFB9}.Release|Any CPU.ActiveCfg = Release|Any CPU
		{6369CB4A-99B6-4724-AB38-12AD4B7DDFB9}.Release|Any CPU.Build.0 = Release|Any CPU
	EndGlobalSection
	GlobalSection(SolutionProperties) = preSolution
		HideSolutionNode = FALSE
	EndGlobalSection
	GlobalSection(ExtensibilityGlobals) = postSolution
		SolutionGuid = {5C92E110-1448-42DE-B05E-ACF584D7E468}
	EndGlobalSection
EndGlobal
